
Microsoft Visual Studio Solution File, Format Version 12.00
# Visual Studio 15
VisualStudioVersion = 15.0.27703.2000
MinimumVisualStudioVersion = 10.0.40219.1
Project("{FAE04EC0-301F-11D3-BF4B-00C04F79EFBC}") = "Task3-2(6)", "Task3-2(6)\Task3-2(6).csproj", "{E1EC0D71-4F18-404B-834C-E653452AEE71}"
EndProject
Global
	GlobalSection(SolutionConfigurationPlatforms) = preSolution
		Debug|Any CPU = Debug|Any CPU
		Release|Any CPU = Release|Any CPU
	EndGlobalSection
	GlobalSection(ProjectConfigurationPlatforms) = postSolution
		{E1EC0D71-4F18-404B-834C-E653452AEE71}.Debug|Any CPU.ActiveCfg = Debug|Any CPU
		{E1EC0D71-4F18-404B-834C-E653452AEE71}.Debug|Any CPU.Build.0 = Debug|Any CPU
		{E1EC0D71-4F18-404B-834C-E653452AEE71}.Release|Any CPU.ActiveCfg = Release|Any CPU
		{E1EC0D71-4F18-404B-834C-E653452AEE71}.Release|Any CPU.Build.0 = Release|Any CPU
	EndGlobalSection
	GlobalSection(SolutionProperties) = preSolution
		HideSolutionNode = FALSE
	EndGlobalSection
	GlobalSection(ExtensibilityGlobals) = postSolution
		SolutionGuid = {A91F69FA-5437-4EDD-A061-7FBE35EEFD44}
	EndGlobalSection
EndGlobal
