
Microsoft Visual Studio Solution File, Format Version 12.00
# Visual Studio 15
VisualStudioVersion = 15.0.26730.15
MinimumVisualStudioVersion = 10.0.40219.1
Project("{FAE04EC0-301F-11D3-BF4B-00C04F79EFBC}") = "Lab_8", "Lab_8\Lab_8.csproj", "{34CB6A44-37C7-4A40-8860-DDFDF35DABE9}"
EndProject
Global
	GlobalSection(SolutionConfigurationPlatforms) = preSolution
		Debug|Any CPU = Debug|Any CPU
		Release|Any CPU = Release|Any CPU
	EndGlobalSection
	GlobalSection(ProjectConfigurationPlatforms) = postSolution
		{34CB6A44-37C7-4A40-8860-DDFDF35DABE9}.Debug|Any CPU.ActiveCfg = Debug|Any CPU
		{34CB6A44-37C7-4A40-8860-DDFDF35DABE9}.Debug|Any CPU.Build.0 = Debug|Any CPU
		{34CB6A44-37C7-4A40-8860-DDFDF35DABE9}.Release|Any CPU.ActiveCfg = Release|Any CPU
		{34CB6A44-37C7-4A40-8860-DDFDF35DABE9}.Release|Any CPU.Build.0 = Release|Any CPU
	EndGlobalSection
	GlobalSection(SolutionProperties) = preSolution
		HideSolutionNode = FALSE
	EndGlobalSection
	GlobalSection(ExtensibilityGlobals) = postSolution
		SolutionGuid = {ADFDC742-1B16-44C6-BE72-ED5AC2C055D6}
	EndGlobalSection
EndGlobal
