
Microsoft Visual Studio Solution File, Format Version 12.00
# Visual Studio 15
VisualStudioVersion = 15.0.27703.2000
MinimumVisualStudioVersion = 10.0.40219.1
Project("{FAE04EC0-301F-11D3-BF4B-00C04F79EFBC}") = "Task4_Singleton", "Task4_Singleton\Task4_Singleton.csproj", "{6F76FC74-183A-47D8-8771-C7D1C4696D76}"
EndProject
Global
	GlobalSection(SolutionConfigurationPlatforms) = preSolution
		Debug|Any CPU = Debug|Any CPU
		Release|Any CPU = Release|Any CPU
	EndGlobalSection
	GlobalSection(ProjectConfigurationPlatforms) = postSolution
		{6F76FC74-183A-47D8-8771-C7D1C4696D76}.Debug|Any CPU.ActiveCfg = Debug|Any CPU
		{6F76FC74-183A-47D8-8771-C7D1C4696D76}.Debug|Any CPU.Build.0 = Debug|Any CPU
		{6F76FC74-183A-47D8-8771-C7D1C4696D76}.Release|Any CPU.ActiveCfg = Release|Any CPU
		{6F76FC74-183A-47D8-8771-C7D1C4696D76}.Release|Any CPU.Build.0 = Release|Any CPU
	EndGlobalSection
	GlobalSection(SolutionProperties) = preSolution
		HideSolutionNode = FALSE
	EndGlobalSection
	GlobalSection(ExtensibilityGlobals) = postSolution
		SolutionGuid = {0E1D4198-9B9B-4708-B1AB-2B4EE7B6D4E8}
	EndGlobalSection
EndGlobal
