
Microsoft Visual Studio Solution File, Format Version 12.00
# Visual Studio 15
VisualStudioVersion = 15.0.27703.2000
MinimumVisualStudioVersion = 10.0.40219.1
Project("{FAE04EC0-301F-11D3-BF4B-00C04F79EFBC}") = "Task1-2(6)", "Task1-2(6)\Task1-2(6).csproj", "{8BBE16B0-BBE7-4181-8320-49B77F2F1C6C}"
EndProject
Global
	GlobalSection(SolutionConfigurationPlatforms) = preSolution
		Debug|Any CPU = Debug|Any CPU
		Release|Any CPU = Release|Any CPU
	EndGlobalSection
	GlobalSection(ProjectConfigurationPlatforms) = postSolution
		{8BBE16B0-BBE7-4181-8320-49B77F2F1C6C}.Debug|Any CPU.ActiveCfg = Debug|Any CPU
		{8BBE16B0-BBE7-4181-8320-49B77F2F1C6C}.Debug|Any CPU.Build.0 = Debug|Any CPU
		{8BBE16B0-BBE7-4181-8320-49B77F2F1C6C}.Release|Any CPU.ActiveCfg = Release|Any CPU
		{8BBE16B0-BBE7-4181-8320-49B77F2F1C6C}.Release|Any CPU.Build.0 = Release|Any CPU
	EndGlobalSection
	GlobalSection(SolutionProperties) = preSolution
		HideSolutionNode = FALSE
	EndGlobalSection
	GlobalSection(ExtensibilityGlobals) = postSolution
		SolutionGuid = {0205A475-2D77-44FA-9BFF-35CB0856591A}
	EndGlobalSection
EndGlobal
